{
  "lib/forge-std": {
    "branch": {
      "name": "master",
      "rev": "0d006dafa09d0b3722575acd29338b79c23e7c2f"
    }
  },
  "lib/openzeppelin-contracts": {
    "branch": {
      "name": "master",
      "rev": "dab7110e71f28d236d8bee4315aeadaa634bc54f"
    }
  },
  "lib/solady": {
    "branch": {
      "name": "main",
      "rev": "2afba69bf67b78dd4abeadcc696052b3a6f71499"
    }
  }
}