{
  "lib/forge-std": {
    "branch": {
      "name": "master",
      "rev": "16cb9c998736cab8f14aebd5199cdf6a02fde055"
    }
  },
  "lib/openzeppelin-contracts": {
    "branch": {
      "name": "master",
      "rev": "60b718bb9c7ef1fd9f585194a0c977c256d621cb"
    }
  },
  "lib/solady": {
    "branch": {
      "name": "main",
      "rev": "2afba69bf67b78dd4abeadcc696052b3a6f71499"
    }
  }
}