{
  "lib/forge-std": {
    "branch": {
      "name": "master",
      "rev": "7239323e35487ba4339c93fe591065a63ce122aa"
    }
  },
  "lib/openzeppelin-contracts": {
    "branch": {
      "name": "master",
      "rev": "9a0211903755a2d0e342a64738f9c5b88ced8637"
    }
  },
  "lib/solady": {
    "branch": {
      "name": "main",
      "rev": "2afba69bf67b78dd4abeadcc696052b3a6f71499"
    }
  }
}